// !$*UTF8*$!
{
	archiveVersion = 1;
	classes = {
	};
	objectVersion = 50;
	objects = {

/* Begin PBXBuildFile section */
		9502C2A316C592000054F4E3 /* CoreAudioDecoder.m in Sources */ = {isa = PBXBuildFile; fileRef = 95EE6A6D15D26758001AD694 /* CoreAudioDecoder.m */; };
		9502C2A516C592000054F4E3 /* CueSheet.m in Sources */ = {isa = PBXBuildFile; fileRef = 95317AE015D444FE0029D115 /* CueSheet.m */; };
		9502C2A716C592000054F4E3 /* CueSheetTrack.m in Sources */ = {isa = PBXBuildFile; fileRef = 95317AE815D445000029D115 /* CueSheetTrack.m */; };
		9502C2A916C592000054F4E3 /* CueSheetContainer.m in Sources */ = {isa = PBXBuildFile; fileRef = 95317AE215D444FF0029D115 /* CueSheetContainer.m */; };
		9502C2AB16C592000054F4E3 /* CueSheetDecoder.m in Sources */ = {isa = PBXBuildFile; fileRef = 95317AE415D444FF0029D115 /* CueSheetDecoder.m */; };
		9502C2AD16C592000054F4E3 /* FileSource.m in Sources */ = {isa = PBXBuildFile; fileRef = 9520746515D281DC00E0D0CB /* FileSource.m */; };
		9502C2B116C592000054F4E3 /* HTTPSource.m in Sources */ = {isa = PBXBuildFile; fileRef = 95EE6A7C15D267D5001AD694 /* HTTPSource.m */; };
		9502C2B316C592000054F4E3 /* M3uContainer.m in Sources */ = {isa = PBXBuildFile; fileRef = 95317BA215D552AA0029D115 /* M3uContainer.m */; };
		9502C2B516C592000054F4E3 /* ORGMEngine.m in Sources */ = {isa = PBXBuildFile; fileRef = 959B583515CEE17200D44955 /* ORGMEngine.m */; };
		9502C2B716C592000054F4E3 /* ORGMConverter.m in Sources */ = {isa = PBXBuildFile; fileRef = 959B583415CEE17200D44955 /* ORGMConverter.m */; };
		9502C2B916C592000054F4E3 /* ORGMOutputUnit.m in Sources */ = {isa = PBXBuildFile; fileRef = 959B583815CEE17200D44955 /* ORGMOutputUnit.m */; };
		9502C2BB16C592000054F4E3 /* ORGMAudioUnit.m in Sources */ = {isa = PBXBuildFile; fileRef = 959B583C15CEE17200D44955 /* ORGMAudioUnit.m */; };
		9502C2BD16C592000054F4E3 /* ORGMInputUnit.m in Sources */ = {isa = PBXBuildFile; fileRef = 959B583D15CEE17200D44955 /* ORGMInputUnit.m */; };
		9502C2BF16C592000054F4E3 /* ORGMQueues.m in Sources */ = {isa = PBXBuildFile; fileRef = 959B583A15CEE17200D44955 /* ORGMQueues.m */; };
		9502C2C216C592000054F4E3 /* ORGMPluginManager.m in Sources */ = {isa = PBXBuildFile; fileRef = 95317ADB15D43C7A0029D115 /* ORGMPluginManager.m */; };
		9502C2C316C592290054F4E3 /* CoreAudioDecoder.h in Headers */ = {isa = PBXBuildFile; fileRef = 95EE6A6C15D26758001AD694 /* CoreAudioDecoder.h */; settings = {ATTRIBUTES = (Public, ); }; };
		9502C2C516C592290054F4E3 /* CueSheet.h in Headers */ = {isa = PBXBuildFile; fileRef = 95317ADF15D444FE0029D115 /* CueSheet.h */; settings = {ATTRIBUTES = (Public, ); }; };
		9502C2C716C592290054F4E3 /* CueSheetTrack.h in Headers */ = {isa = PBXBuildFile; fileRef = 95317AE715D445000029D115 /* CueSheetTrack.h */; settings = {ATTRIBUTES = (Public, ); }; };
		9502C2C916C592290054F4E3 /* CueSheetContainer.h in Headers */ = {isa = PBXBuildFile; fileRef = 95317AE115D444FF0029D115 /* CueSheetContainer.h */; settings = {ATTRIBUTES = (Public, ); }; };
		9502C2CB16C592290054F4E3 /* CueSheetDecoder.h in Headers */ = {isa = PBXBuildFile; fileRef = 95317AE315D444FF0029D115 /* CueSheetDecoder.h */; settings = {ATTRIBUTES = (Public, ); }; };
		9502C2CD16C592290054F4E3 /* FileSource.h in Headers */ = {isa = PBXBuildFile; fileRef = 9520746415D281DC00E0D0CB /* FileSource.h */; settings = {ATTRIBUTES = (Public, ); }; };
		9502C2D116C592290054F4E3 /* HTTPSource.h in Headers */ = {isa = PBXBuildFile; fileRef = 95EE6A7B15D267D5001AD694 /* HTTPSource.h */; settings = {ATTRIBUTES = (Public, ); }; };
		9502C2D316C592290054F4E3 /* M3uContainer.h in Headers */ = {isa = PBXBuildFile; fileRef = 95317BA115D552A90029D115 /* M3uContainer.h */; settings = {ATTRIBUTES = (Public, ); }; };
		9502C2D516C592290054F4E3 /* ORGMEngine.h in Headers */ = {isa = PBXBuildFile; fileRef = 959B583915CEE17200D44955 /* ORGMEngine.h */; settings = {ATTRIBUTES = (Public, ); }; };
		9502C2D716C592290054F4E3 /* ORGMConverter.h in Headers */ = {isa = PBXBuildFile; fileRef = 959B583715CEE17200D44955 /* ORGMConverter.h */; settings = {ATTRIBUTES = (Public, ); }; };
		9502C2D916C592290054F4E3 /* ORGMOutputUnit.h in Headers */ = {isa = PBXBuildFile; fileRef = 959B583615CEE17200D44955 /* ORGMOutputUnit.h */; settings = {ATTRIBUTES = (Public, ); }; };
		9502C2DB16C592290054F4E3 /* ORGMAudioUnit.h in Headers */ = {isa = PBXBuildFile; fileRef = 959B583B15CEE17200D44955 /* ORGMAudioUnit.h */; settings = {ATTRIBUTES = (Public, ); }; };
		9502C2DD16C592290054F4E3 /* ORGMInputUnit.h in Headers */ = {isa = PBXBuildFile; fileRef = 959B583E15CEE17200D44955 /* ORGMInputUnit.h */; settings = {ATTRIBUTES = (Public, ); }; };
		9502C2DF16C592290054F4E3 /* ORGMQueues.h in Headers */ = {isa = PBXBuildFile; fileRef = 959B583F15CEE17200D44955 /* ORGMQueues.h */; settings = {ATTRIBUTES = (Public, ); }; };
		9502C2E116C592290054F4E3 /* ORGMCommonProtocols.h in Headers */ = {isa = PBXBuildFile; fileRef = 95EE6A2E15D2629E001AD694 /* ORGMCommonProtocols.h */; settings = {ATTRIBUTES = (Public, ); }; };
		9502C2E216C592290054F4E3 /* ORGMPluginManager.h in Headers */ = {isa = PBXBuildFile; fileRef = 95317ADA15D43C7A0029D115 /* ORGMPluginManager.h */; settings = {ATTRIBUTES = (Public, ); }; };
		95317ADC15D43C7B0029D115 /* ORGMPluginManager.m in Sources */ = {isa = PBXBuildFile; fileRef = 95317ADB15D43C7A0029D115 /* ORGMPluginManager.m */; };
		95317ADE15D443430029D115 /* FileSource.m in Sources */ = {isa = PBXBuildFile; fileRef = 9520746515D281DC00E0D0CB /* FileSource.m */; };
		95317AE915D445010029D115 /* CueSheet.m in Sources */ = {isa = PBXBuildFile; fileRef = 95317AE015D444FE0029D115 /* CueSheet.m */; };
		95317AEA15D445010029D115 /* CueSheetContainer.m in Sources */ = {isa = PBXBuildFile; fileRef = 95317AE215D444FF0029D115 /* CueSheetContainer.m */; };
		95317AEB15D445010029D115 /* CueSheetDecoder.m in Sources */ = {isa = PBXBuildFile; fileRef = 95317AE415D444FF0029D115 /* CueSheetDecoder.m */; };
		95317AED15D445010029D115 /* CueSheetTrack.m in Sources */ = {isa = PBXBuildFile; fileRef = 95317AE815D445000029D115 /* CueSheetTrack.m */; };
		95317BA315D552AC0029D115 /* M3uContainer.m in Sources */ = {isa = PBXBuildFile; fileRef = 95317BA215D552AA0029D115 /* M3uContainer.m */; };
		959B580D15CEE13C00D44955 /* Foundation.framework in Frameworks */ = {isa = PBXBuildFile; fileRef = 959B580C15CEE13C00D44955 /* Foundation.framework */; };
		959B584015CEE17200D44955 /* ORGMConverter.m in Sources */ = {isa = PBXBuildFile; fileRef = 959B583415CEE17200D44955 /* ORGMConverter.m */; };
		959B584215CEE17200D44955 /* ORGMEngine.m in Sources */ = {isa = PBXBuildFile; fileRef = 959B583515CEE17200D44955 /* ORGMEngine.m */; };
		959B584415CEE17200D44955 /* ORGMOutputUnit.m in Sources */ = {isa = PBXBuildFile; fileRef = 959B583815CEE17200D44955 /* ORGMOutputUnit.m */; };
		959B584615CEE17200D44955 /* ORGMQueues.m in Sources */ = {isa = PBXBuildFile; fileRef = 959B583A15CEE17200D44955 /* ORGMQueues.m */; };
		959B584815CEE17200D44955 /* ORGMAudioUnit.m in Sources */ = {isa = PBXBuildFile; fileRef = 959B583C15CEE17200D44955 /* ORGMAudioUnit.m */; };
		959B584A15CEE17200D44955 /* ORGMInputUnit.m in Sources */ = {isa = PBXBuildFile; fileRef = 959B583D15CEE17200D44955 /* ORGMInputUnit.m */; };
		959B586115CEE1D900D44955 /* AVFoundation.framework in Frameworks */ = {isa = PBXBuildFile; fileRef = 959B586015CEE1D900D44955 /* AVFoundation.framework */; };
		959B586315CEE1DF00D44955 /* AudioToolbox.framework in Frameworks */ = {isa = PBXBuildFile; fileRef = 959B586215CEE1DF00D44955 /* AudioToolbox.framework */; };
		95EE6A8215D26876001AD694 /* HTTPSource.m in Sources */ = {isa = PBXBuildFile; fileRef = 95EE6A7C15D267D5001AD694 /* HTTPSource.m */; };
		95EE6A8315D2687B001AD694 /* CoreAudioDecoder.m in Sources */ = {isa = PBXBuildFile; fileRef = 95EE6A6D15D26758001AD694 /* CoreAudioDecoder.m */; };
		E21AD54A22022C92001F7BC1 /* OrigamiEngineUnitTests.m in Sources */ = {isa = PBXBuildFile; fileRef = E21AD54922022C92001F7BC1 /* OrigamiEngineUnitTests.m */; };
		E21AD54C22022C92001F7BC1 /* OrigamiEngine.framework in Frameworks */ = {isa = PBXBuildFile; fileRef = 9502C28E16C591C00054F4E3 /* OrigamiEngine.framework */; };
		E21AD55922022DB2001F7BC1 /* multiple-vc.cue in Resources */ = {isa = PBXBuildFile; fileRef = E21AD55322022DB2001F7BC1 /* multiple-vc.cue */; };
		E21AD55A22022DB2001F7BC1 /* single_file.cue in Resources */ = {isa = PBXBuildFile; fileRef = E21AD55422022DB2001F7BC1 /* single_file.cue */; };
		E21AD55B22022DB2001F7BC1 /* id3v22-tda.mp3 in Resources */ = {isa = PBXBuildFile; fileRef = E21AD55522022DB2001F7BC1 /* id3v22-tda.mp3 */; };
		E21AD55C22022DB2001F7BC1 /* test.m3u in Resources */ = {isa = PBXBuildFile; fileRef = E21AD55622022DB2001F7BC1 /* test.m3u */; };
		E21AD55D22022DB2001F7BC1 /* multiple-vc.flac in Resources */ = {isa = PBXBuildFile; fileRef = E21AD55722022DB2001F7BC1 /* multiple-vc.flac */; };
		E21AD55E22022DB2001F7BC1 /* multi_file.cue in Resources */ = {isa = PBXBuildFile; fileRef = E21AD55822022DB2001F7BC1 /* multi_file.cue */; };
		E21AD56222023078001F7BC1 /* XCTest.framework in Frameworks */ = {isa = PBXBuildFile; fileRef = E21AD56122023078001F7BC1 /* XCTest.framework */; };
		E21AD5632202314A001F7BC1 /* CueSheetTests.m in Sources */ = {isa = PBXBuildFile; fileRef = 95317B5815D51A410029D115 /* CueSheetTests.m */; };
		E21AD56422023372001F7BC1 /* M3UTests.m in Sources */ = {isa = PBXBuildFile; fileRef = 95317BA715D566460029D115 /* M3UTests.m */; };
		E21AD5652202344B001F7BC1 /* EngineTests.m in Sources */ = {isa = PBXBuildFile; fileRef = 950B03B015DAB43400C2365B /* EngineTests.m */; };
		E21AD5662202377C001F7BC1 /* InputUnitTests.m in Sources */ = {isa = PBXBuildFile; fileRef = 950B03B615DAB5E600C2365B /* InputUnitTests.m */; };
		E21AD5672202377C001F7BC1 /* ConverterUnitTests.m in Sources */ = {isa = PBXBuildFile; fileRef = 950B03BC15DAD05F00C2365B /* ConverterUnitTests.m */; };
		E21AD5682202377C001F7BC1 /* OutputUnitTests.m in Sources */ = {isa = PBXBuildFile; fileRef = 950B03BF15DAD6EC00C2365B /* OutputUnitTests.m */; };
		E21AD5692202377C001F7BC1 /* PluginManagerTests.m in Sources */ = {isa = PBXBuildFile; fileRef = 950B12A315DAF073001E35FE /* PluginManagerTests.m */; };
		E21AD56A2202377C001F7BC1 /* CoreAudioDecoderTests.m in Sources */ = {isa = PBXBuildFile; fileRef = 950B12AA15DB9644001E35FE /* CoreAudioDecoderTests.m */; };
		E21AD56B2202377C001F7BC1 /* CusSheetDecoderTests.m in Sources */ = {isa = PBXBuildFile; fileRef = 9536D2A215DB9D3F0098A77C /* CusSheetDecoderTests.m */; };
		E21AD56C2202377C001F7BC1 /* FileSourceTests.m in Sources */ = {isa = PBXBuildFile; fileRef = 9536D2A815DBABB10098A77C /* FileSourceTests.m */; };
		E21AD56D2202377C001F7BC1 /* HTTPSourceTests.m in Sources */ = {isa = PBXBuildFile; fileRef = 95B2921015DBD3390031017D /* HTTPSourceTests.m */; };
/* End PBXBuildFile section */

/* Begin PBXContainerItemProxy section */
		E21AD54D22022C92001F7BC1 /* PBXContainerItemProxy */ = {
			isa = PBXContainerItemProxy;
			containerPortal = 959B580015CEE13C00D44955 /* Project object */;
			proxyType = 1;
			remoteGlobalIDString = 9502C28D16C591C00054F4E3;
			remoteInfo = OrigamiEngineMac;
		};
/* End PBXContainerItemProxy section */

/* Begin PBXCopyFilesBuildPhase section */
		959B580715CEE13C00D44955 /* CopyFiles */ = {
			isa = PBXCopyFilesBuildPhase;
			buildActionMask = 2147483647;
			dstPath = "include/${PRODUCT_NAME}";
			dstSubfolderSpec = 16;
			files = (
			);
			runOnlyForDeploymentPostprocessing = 0;
		};
/* End PBXCopyFilesBuildPhase section */

/* Begin PBXFileReference section */
		9502C28E16C591C00054F4E3 /* OrigamiEngine.framework */ = {isa = PBXFileReference; explicitFileType = wrapper.framework; includeInIndex = 0; path = OrigamiEngine.framework; sourceTree = BUILT_PRODUCTS_DIR; };
		950B03B015DAB43400C2365B /* EngineTests.m */ = {isa = PBXFileReference; fileEncoding = 4; lastKnownFileType = sourcecode.c.objc; path = EngineTests.m; sourceTree = "<group>"; };
		950B03B615DAB5E600C2365B /* InputUnitTests.m */ = {isa = PBXFileReference; fileEncoding = 4; lastKnownFileType = sourcecode.c.objc; path = InputUnitTests.m; sourceTree = "<group>"; };
		950B03BC15DAD05F00C2365B /* ConverterUnitTests.m */ = {isa = PBXFileReference; fileEncoding = 4; lastKnownFileType = sourcecode.c.objc; path = ConverterUnitTests.m; sourceTree = "<group>"; };
		950B03BF15DAD6EC00C2365B /* OutputUnitTests.m */ = {isa = PBXFileReference; fileEncoding = 4; lastKnownFileType = sourcecode.c.objc; path = OutputUnitTests.m; sourceTree = "<group>"; };
		950B12A315DAF073001E35FE /* PluginManagerTests.m */ = {isa = PBXFileReference; fileEncoding = 4; lastKnownFileType = sourcecode.c.objc; path = PluginManagerTests.m; sourceTree = "<group>"; };
		950B12AA15DB9644001E35FE /* CoreAudioDecoderTests.m */ = {isa = PBXFileReference; fileEncoding = 4; lastKnownFileType = sourcecode.c.objc; path = CoreAudioDecoderTests.m; sourceTree = "<group>"; };
		9520746415D281DC00E0D0CB /* FileSource.h */ = {isa = PBXFileReference; fileEncoding = 4; lastKnownFileType = sourcecode.c.h; name = FileSource.h; path = Plugins/FileSource.h; sourceTree = "<group>"; };
		9520746515D281DC00E0D0CB /* FileSource.m */ = {isa = PBXFileReference; fileEncoding = 4; lastKnownFileType = sourcecode.c.objc; name = FileSource.m; path = Plugins/FileSource.m; sourceTree = "<group>"; };
		95317ADA15D43C7A0029D115 /* ORGMPluginManager.h */ = {isa = PBXFileReference; fileEncoding = 4; lastKnownFileType = sourcecode.c.h; path = ORGMPluginManager.h; sourceTree = "<group>"; };
		95317ADB15D43C7A0029D115 /* ORGMPluginManager.m */ = {isa = PBXFileReference; fileEncoding = 4; lastKnownFileType = sourcecode.c.objc; path = ORGMPluginManager.m; sourceTree = "<group>"; };
		95317ADF15D444FE0029D115 /* CueSheet.h */ = {isa = PBXFileReference; fileEncoding = 4; lastKnownFileType = sourcecode.c.h; name = CueSheet.h; path = Plugins/CueSheet.h; sourceTree = "<group>"; };
		95317AE015D444FE0029D115 /* CueSheet.m */ = {isa = PBXFileReference; fileEncoding = 4; lastKnownFileType = sourcecode.c.objc; name = CueSheet.m; path = Plugins/CueSheet.m; sourceTree = "<group>"; };
		95317AE115D444FF0029D115 /* CueSheetContainer.h */ = {isa = PBXFileReference; fileEncoding = 4; lastKnownFileType = sourcecode.c.h; name = CueSheetContainer.h; path = Plugins/CueSheetContainer.h; sourceTree = "<group>"; };
		95317AE215D444FF0029D115 /* CueSheetContainer.m */ = {isa = PBXFileReference; fileEncoding = 4; lastKnownFileType = sourcecode.c.objc; name = CueSheetContainer.m; path = Plugins/CueSheetContainer.m; sourceTree = "<group>"; };
		95317AE315D444FF0029D115 /* CueSheetDecoder.h */ = {isa = PBXFileReference; fileEncoding = 4; lastKnownFileType = sourcecode.c.h; name = CueSheetDecoder.h; path = Plugins/CueSheetDecoder.h; sourceTree = "<group>"; };
		95317AE415D444FF0029D115 /* CueSheetDecoder.m */ = {isa = PBXFileReference; fileEncoding = 4; lastKnownFileType = sourcecode.c.objc; name = CueSheetDecoder.m; path = Plugins/CueSheetDecoder.m; sourceTree = "<group>"; };
		95317AE715D445000029D115 /* CueSheetTrack.h */ = {isa = PBXFileReference; fileEncoding = 4; lastKnownFileType = sourcecode.c.h; name = CueSheetTrack.h; path = Plugins/CueSheetTrack.h; sourceTree = "<group>"; };
		95317AE815D445000029D115 /* CueSheetTrack.m */ = {isa = PBXFileReference; fileEncoding = 4; lastKnownFileType = sourcecode.c.objc; name = CueSheetTrack.m; path = Plugins/CueSheetTrack.m; sourceTree = "<group>"; };
		95317B5815D51A410029D115 /* CueSheetTests.m */ = {isa = PBXFileReference; fileEncoding = 4; lastKnownFileType = sourcecode.c.objc; path = CueSheetTests.m; sourceTree = "<group>"; };
		95317BA115D552A90029D115 /* M3uContainer.h */ = {isa = PBXFileReference; fileEncoding = 4; lastKnownFileType = sourcecode.c.h; name = M3uContainer.h; path = Plugins/M3uContainer.h; sourceTree = "<group>"; };
		95317BA215D552AA0029D115 /* M3uContainer.m */ = {isa = PBXFileReference; fileEncoding = 4; lastKnownFileType = sourcecode.c.objc; name = M3uContainer.m; path = Plugins/M3uContainer.m; sourceTree = "<group>"; };
		95317BA715D566460029D115 /* M3UTests.m */ = {isa = PBXFileReference; fileEncoding = 4; lastKnownFileType = sourcecode.c.objc; path = M3UTests.m; sourceTree = "<group>"; };
		9536D2A215DB9D3F0098A77C /* CusSheetDecoderTests.m */ = {isa = PBXFileReference; fileEncoding = 4; lastKnownFileType = sourcecode.c.objc; path = CusSheetDecoderTests.m; sourceTree = "<group>"; };
		9536D2A815DBABB10098A77C /* FileSourceTests.m */ = {isa = PBXFileReference; fileEncoding = 4; lastKnownFileType = sourcecode.c.objc; path = FileSourceTests.m; sourceTree = "<group>"; };
		959B580915CEE13C00D44955 /* libOrigamiEngine.a */ = {isa = PBXFileReference; explicitFileType = archive.ar; includeInIndex = 0; path = libOrigamiEngine.a; sourceTree = BUILT_PRODUCTS_DIR; };
		959B580C15CEE13C00D44955 /* Foundation.framework */ = {isa = PBXFileReference; lastKnownFileType = wrapper.framework; name = Foundation.framework; path = System/Library/Frameworks/Foundation.framework; sourceTree = SDKROOT; };
		959B581015CEE13C00D44955 /* OrigamiEngine-Prefix.pch */ = {isa = PBXFileReference; lastKnownFileType = sourcecode.c.h; path = "OrigamiEngine-Prefix.pch"; sourceTree = "<group>"; };
		959B581B15CEE13C00D44955 /* SenTestingKit.framework */ = {isa = PBXFileReference; lastKnownFileType = wrapper.framework; name = SenTestingKit.framework; path = Library/Frameworks/SenTestingKit.framework; sourceTree = DEVELOPER_DIR; };
		959B582715CEE13C00D44955 /* en */ = {isa = PBXFileReference; lastKnownFileType = text.plist.strings; name = en; path = en.lproj/InfoPlist.strings; sourceTree = "<group>"; };
		959B583415CEE17200D44955 /* ORGMConverter.m */ = {isa = PBXFileReference; fileEncoding = 4; lastKnownFileType = sourcecode.c.objc; path = ORGMConverter.m; sourceTree = "<group>"; };
		959B583515CEE17200D44955 /* ORGMEngine.m */ = {isa = PBXFileReference; fileEncoding = 4; lastKnownFileType = sourcecode.c.objc; path = ORGMEngine.m; sourceTree = "<group>"; };
		959B583615CEE17200D44955 /* ORGMOutputUnit.h */ = {isa = PBXFileReference; fileEncoding = 4; lastKnownFileType = sourcecode.c.h; path = ORGMOutputUnit.h; sourceTree = "<group>"; };
		959B583715CEE17200D44955 /* ORGMConverter.h */ = {isa = PBXFileReference; fileEncoding = 4; lastKnownFileType = sourcecode.c.h; path = ORGMConverter.h; sourceTree = "<group>"; };
		959B583815CEE17200D44955 /* ORGMOutputUnit.m */ = {isa = PBXFileReference; fileEncoding = 4; lastKnownFileType = sourcecode.c.objc; path = ORGMOutputUnit.m; sourceTree = "<group>"; };
		959B583915CEE17200D44955 /* ORGMEngine.h */ = {isa = PBXFileReference; fileEncoding = 4; lastKnownFileType = sourcecode.c.h; path = ORGMEngine.h; sourceTree = "<group>"; };
		959B583A15CEE17200D44955 /* ORGMQueues.m */ = {isa = PBXFileReference; fileEncoding = 4; lastKnownFileType = sourcecode.c.objc; path = ORGMQueues.m; sourceTree = "<group>"; };
		959B583B15CEE17200D44955 /* ORGMAudioUnit.h */ = {isa = PBXFileReference; fileEncoding = 4; lastKnownFileType = sourcecode.c.h; path = ORGMAudioUnit.h; sourceTree = "<group>"; };
		959B583C15CEE17200D44955 /* ORGMAudioUnit.m */ = {isa = PBXFileReference; fileEncoding = 4; lastKnownFileType = sourcecode.c.objc; path = ORGMAudioUnit.m; sourceTree = "<group>"; };
		959B583D15CEE17200D44955 /* ORGMInputUnit.m */ = {isa = PBXFileReference; fileEncoding = 4; lastKnownFileType = sourcecode.c.objc; path = ORGMInputUnit.m; sourceTree = "<group>"; };
		959B583E15CEE17200D44955 /* ORGMInputUnit.h */ = {isa = PBXFileReference; fileEncoding = 4; lastKnownFileType = sourcecode.c.h; path = ORGMInputUnit.h; sourceTree = "<group>"; };
		959B583F15CEE17200D44955 /* ORGMQueues.h */ = {isa = PBXFileReference; fileEncoding = 4; lastKnownFileType = sourcecode.c.h; path = ORGMQueues.h; sourceTree = "<group>"; };
		959B586015CEE1D900D44955 /* AVFoundation.framework */ = {isa = PBXFileReference; lastKnownFileType = wrapper.framework; name = AVFoundation.framework; path = System/Library/Frameworks/AVFoundation.framework; sourceTree = SDKROOT; };
		959B586215CEE1DF00D44955 /* AudioToolbox.framework */ = {isa = PBXFileReference; lastKnownFileType = wrapper.framework; name = AudioToolbox.framework; path = System/Library/Frameworks/AudioToolbox.framework; sourceTree = SDKROOT; };
		95B2921015DBD3390031017D /* HTTPSourceTests.m */ = {isa = PBXFileReference; fileEncoding = 4; lastKnownFileType = sourcecode.c.objc; path = HTTPSourceTests.m; sourceTree = "<group>"; };
		95EE6A2E15D2629E001AD694 /* ORGMCommonProtocols.h */ = {isa = PBXFileReference; fileEncoding = 4; lastKnownFileType = sourcecode.c.h; path = ORGMCommonProtocols.h; sourceTree = "<group>"; };
		95EE6A6C15D26758001AD694 /* CoreAudioDecoder.h */ = {isa = PBXFileReference; fileEncoding = 4; lastKnownFileType = sourcecode.c.h; name = CoreAudioDecoder.h; path = Plugins/CoreAudioDecoder.h; sourceTree = "<group>"; };
		95EE6A6D15D26758001AD694 /* CoreAudioDecoder.m */ = {isa = PBXFileReference; fileEncoding = 4; lastKnownFileType = sourcecode.c.objc; name = CoreAudioDecoder.m; path = Plugins/CoreAudioDecoder.m; sourceTree = "<group>"; };
		95EE6A7B15D267D5001AD694 /* HTTPSource.h */ = {isa = PBXFileReference; fileEncoding = 4; lastKnownFileType = sourcecode.c.h; name = HTTPSource.h; path = Plugins/HTTPSource.h; sourceTree = "<group>"; };
		95EE6A7C15D267D5001AD694 /* HTTPSource.m */ = {isa = PBXFileReference; fileEncoding = 4; lastKnownFileType = sourcecode.c.objc; name = HTTPSource.m; path = Plugins/HTTPSource.m; sourceTree = "<group>"; };
		E21AD54722022C92001F7BC1 /* OrigamiEngineUnitTests.xctest */ = {isa = PBXFileReference; explicitFileType = wrapper.cfbundle; includeInIndex = 0; path = OrigamiEngineUnitTests.xctest; sourceTree = BUILT_PRODUCTS_DIR; };
		E21AD54922022C92001F7BC1 /* OrigamiEngineUnitTests.m */ = {isa = PBXFileReference; lastKnownFileType = sourcecode.c.objc; path = OrigamiEngineUnitTests.m; sourceTree = "<group>"; };
		E21AD54B22022C92001F7BC1 /* Info.plist */ = {isa = PBXFileReference; explicitFileType = text.xml; path = Info.plist; sourceTree = "<group>"; };
		E21AD55322022DB2001F7BC1 /* multiple-vc.cue */ = {isa = PBXFileReference; fileEncoding = 4; lastKnownFileType = text; path = "multiple-vc.cue"; sourceTree = "<group>"; };
		E21AD55422022DB2001F7BC1 /* single_file.cue */ = {isa = PBXFileReference; fileEncoding = 4; lastKnownFileType = text; path = single_file.cue; sourceTree = "<group>"; };
		E21AD55522022DB2001F7BC1 /* id3v22-tda.mp3 */ = {isa = PBXFileReference; lastKnownFileType = audio.mp3; path = "id3v22-tda.mp3"; sourceTree = "<group>"; };
		E21AD55622022DB2001F7BC1 /* test.m3u */ = {isa = PBXFileReference; fileEncoding = 4; lastKnownFileType = text; path = test.m3u; sourceTree = "<group>"; };
		E21AD55722022DB2001F7BC1 /* multiple-vc.flac */ = {isa = PBXFileReference; lastKnownFileType = file; path = "multiple-vc.flac"; sourceTree = "<group>"; };
		E21AD55822022DB2001F7BC1 /* multi_file.cue */ = {isa = PBXFileReference; fileEncoding = 4; lastKnownFileType = text; path = multi_file.cue; sourceTree = "<group>"; };
		E21AD56122023078001F7BC1 /* XCTest.framework */ = {isa = PBXFileReference; lastKnownFileType = wrapper.framework; name = XCTest.framework; path = Platforms/MacOSX.platform/Developer/Library/Frameworks/XCTest.framework; sourceTree = DEVELOPER_DIR; };
/* End PBXFileReference section */

/* Begin PBXFrameworksBuildPhase section */
		9502C28A16C591C00054F4E3 /* Frameworks */ = {
			isa = PBXFrameworksBuildPhase;
			buildActionMask = 2147483647;
			files = (
			);
			runOnlyForDeploymentPostprocessing = 0;
		};
		959B580615CEE13C00D44955 /* Frameworks */ = {
			isa = PBXFrameworksBuildPhase;
			buildActionMask = 2147483647;
			files = (
				959B586315CEE1DF00D44955 /* AudioToolbox.framework in Frameworks */,
				959B586115CEE1D900D44955 /* AVFoundation.framework in Frameworks */,
				959B580D15CEE13C00D44955 /* Foundation.framework in Frameworks */,
			);
			runOnlyForDeploymentPostprocessing = 0;
		};
		E21AD54422022C92001F7BC1 /* Frameworks */ = {
			isa = PBXFrameworksBuildPhase;
			buildActionMask = 2147483647;
			files = (
				E21AD56222023078001F7BC1 /* XCTest.framework in Frameworks */,
				E21AD54C22022C92001F7BC1 /* OrigamiEngine.framework in Frameworks */,
			);
			runOnlyForDeploymentPostprocessing = 0;
		};
/* End PBXFrameworksBuildPhase section */

/* Begin PBXGroup section */
		959B57FE15CEE13C00D44955 = {
			isa = PBXGroup;
			children = (
				959B580E15CEE13C00D44955 /* OrigamiEngine */,
				959B582315CEE13C00D44955 /* OrigamiEngineTests */,
				E21AD54822022C92001F7BC1 /* OrigamiEngineUnitTests */,
				E21AD528220164C2001F7BC1 /* modules */,
				959B580B15CEE13C00D44955 /* Frameworks */,
				959B580A15CEE13C00D44955 /* Products */,
			);
			sourceTree = "<group>";
		};
		959B580A15CEE13C00D44955 /* Products */ = {
			isa = PBXGroup;
			children = (
				959B580915CEE13C00D44955 /* libOrigamiEngine.a */,
				9502C28E16C591C00054F4E3 /* OrigamiEngine.framework */,
				E21AD54722022C92001F7BC1 /* OrigamiEngineUnitTests.xctest */,
			);
			name = Products;
			sourceTree = "<group>";
		};
		959B580B15CEE13C00D44955 /* Frameworks */ = {
			isa = PBXGroup;
			children = (
				E21AD56122023078001F7BC1 /* XCTest.framework */,
				959B586215CEE1DF00D44955 /* AudioToolbox.framework */,
				959B586015CEE1D900D44955 /* AVFoundation.framework */,
				959B580C15CEE13C00D44955 /* Foundation.framework */,
				959B581B15CEE13C00D44955 /* SenTestingKit.framework */,
			);
			name = Frameworks;
			sourceTree = "<group>";
		};
		959B580E15CEE13C00D44955 /* OrigamiEngine */ = {
			isa = PBXGroup;
			children = (
				95EE6A6B15D26746001AD694 /* Plugin */,
				959B583915CEE17200D44955 /* ORGMEngine.h */,
				959B583515CEE17200D44955 /* ORGMEngine.m */,
				959B583715CEE17200D44955 /* ORGMConverter.h */,
				959B583415CEE17200D44955 /* ORGMConverter.m */,
				959B583615CEE17200D44955 /* ORGMOutputUnit.h */,
				959B583815CEE17200D44955 /* ORGMOutputUnit.m */,
				959B583B15CEE17200D44955 /* ORGMAudioUnit.h */,
				959B583C15CEE17200D44955 /* ORGMAudioUnit.m */,
				959B583E15CEE17200D44955 /* ORGMInputUnit.h */,
				959B583D15CEE17200D44955 /* ORGMInputUnit.m */,
				959B583F15CEE17200D44955 /* ORGMQueues.h */,
				959B583A15CEE17200D44955 /* ORGMQueues.m */,
				95EE6A2E15D2629E001AD694 /* ORGMCommonProtocols.h */,
				95317ADA15D43C7A0029D115 /* ORGMPluginManager.h */,
				95317ADB15D43C7A0029D115 /* ORGMPluginManager.m */,
				959B580F15CEE13C00D44955 /* Supporting Files */,
			);
			path = OrigamiEngine;
			sourceTree = "<group>";
		};
		959B580F15CEE13C00D44955 /* Supporting Files */ = {
			isa = PBXGroup;
			children = (
				959B581015CEE13C00D44955 /* OrigamiEngine-Prefix.pch */,
			);
			name = "Supporting Files";
			sourceTree = "<group>";
		};
		959B582315CEE13C00D44955 /* OrigamiEngineTests */ = {
			isa = PBXGroup;
			children = (
			);
			path = OrigamiEngineTests;
			sourceTree = "<group>";
		};
		959B582415CEE13C00D44955 /* SupportingFiles */ = {
			isa = PBXGroup;
			children = (
				E21AD55222022DB2001F7BC1 /* fixtures */,
				959B582615CEE13C00D44955 /* InfoPlist.strings */,
			);
			path = SupportingFiles;
			sourceTree = "<group>";
		};
		95EE6A6B15D26746001AD694 /* Plugin */ = {
			isa = PBXGroup;
			children = (
				95EE6A6C15D26758001AD694 /* CoreAudioDecoder.h */,
				95EE6A6D15D26758001AD694 /* CoreAudioDecoder.m */,
				95317ADF15D444FE0029D115 /* CueSheet.h */,
				95317AE015D444FE0029D115 /* CueSheet.m */,
				95317AE715D445000029D115 /* CueSheetTrack.h */,
				95317AE815D445000029D115 /* CueSheetTrack.m */,
				95317AE115D444FF0029D115 /* CueSheetContainer.h */,
				95317AE215D444FF0029D115 /* CueSheetContainer.m */,
				95317AE315D444FF0029D115 /* CueSheetDecoder.h */,
				95317AE415D444FF0029D115 /* CueSheetDecoder.m */,
				9520746415D281DC00E0D0CB /* FileSource.h */,
				9520746515D281DC00E0D0CB /* FileSource.m */,
				95EE6A7B15D267D5001AD694 /* HTTPSource.h */,
				95EE6A7C15D267D5001AD694 /* HTTPSource.m */,
				95317BA115D552A90029D115 /* M3uContainer.h */,
				95317BA215D552AA0029D115 /* M3uContainer.m */,
			);
			name = Plugin;
			sourceTree = "<group>";
		};
		E21AD528220164C2001F7BC1 /* modules */ = {
			isa = PBXGroup;
			children = (
			);
			path = modules;
			sourceTree = "<group>";
		};
		E21AD54822022C92001F7BC1 /* OrigamiEngineUnitTests */ = {
			isa = PBXGroup;
			children = (
				959B582415CEE13C00D44955 /* SupportingFiles */,
				95317B5815D51A410029D115 /* CueSheetTests.m */,
				95317BA715D566460029D115 /* M3UTests.m */,
				950B03B015DAB43400C2365B /* EngineTests.m */,
				950B03B615DAB5E600C2365B /* InputUnitTests.m */,
				950B03BC15DAD05F00C2365B /* ConverterUnitTests.m */,
				950B03BF15DAD6EC00C2365B /* OutputUnitTests.m */,
				950B12A315DAF073001E35FE /* PluginManagerTests.m */,
				950B12AA15DB9644001E35FE /* CoreAudioDecoderTests.m */,
				9536D2A215DB9D3F0098A77C /* CusSheetDecoderTests.m */,
				9536D2A815DBABB10098A77C /* FileSourceTests.m */,
				95B2921015DBD3390031017D /* HTTPSourceTests.m */,
				E21AD54922022C92001F7BC1 /* OrigamiEngineUnitTests.m */,
				E21AD54B22022C92001F7BC1 /* Info.plist */,
			);
			path = OrigamiEngineUnitTests;
			sourceTree = "<group>";
		};
		E21AD55222022DB2001F7BC1 /* fixtures */ = {
			isa = PBXGroup;
			children = (
				E21AD55322022DB2001F7BC1 /* multiple-vc.cue */,
				E21AD55422022DB2001F7BC1 /* single_file.cue */,
				E21AD55522022DB2001F7BC1 /* id3v22-tda.mp3 */,
				E21AD55622022DB2001F7BC1 /* test.m3u */,
				E21AD55722022DB2001F7BC1 /* multiple-vc.flac */,
				E21AD55822022DB2001F7BC1 /* multi_file.cue */,
			);
			path = fixtures;
			sourceTree = "<group>";
		};
/* End PBXGroup section */

/* Begin PBXHeadersBuildPhase section */
		9502C28B16C591C00054F4E3 /* Headers */ = {
			isa = PBXHeadersBuildPhase;
			buildActionMask = 2147483647;
			files = (
				9502C2C316C592290054F4E3 /* CoreAudioDecoder.h in Headers */,
				9502C2C516C592290054F4E3 /* CueSheet.h in Headers */,
				9502C2C716C592290054F4E3 /* CueSheetTrack.h in Headers */,
				9502C2C916C592290054F4E3 /* CueSheetContainer.h in Headers */,
				9502C2CB16C592290054F4E3 /* CueSheetDecoder.h in Headers */,
				9502C2CD16C592290054F4E3 /* FileSource.h in Headers */,
				9502C2D116C592290054F4E3 /* HTTPSource.h in Headers */,
				9502C2D316C592290054F4E3 /* M3uContainer.h in Headers */,
				9502C2D516C592290054F4E3 /* ORGMEngine.h in Headers */,
				9502C2D716C592290054F4E3 /* ORGMConverter.h in Headers */,
				9502C2D916C592290054F4E3 /* ORGMOutputUnit.h in Headers */,
				9502C2DB16C592290054F4E3 /* ORGMAudioUnit.h in Headers */,
				9502C2DD16C592290054F4E3 /* ORGMInputUnit.h in Headers */,
				9502C2DF16C592290054F4E3 /* ORGMQueues.h in Headers */,
				9502C2E116C592290054F4E3 /* ORGMCommonProtocols.h in Headers */,
				9502C2E216C592290054F4E3 /* ORGMPluginManager.h in Headers */,
			);
			runOnlyForDeploymentPostprocessing = 0;
		};
/* End PBXHeadersBuildPhase section */

/* Begin PBXNativeTarget section */
		9502C28D16C591C00054F4E3 /* OrigamiEngineMac */ = {
			isa = PBXNativeTarget;
			buildConfigurationList = 9502C2A116C591C00054F4E3 /* Build configuration list for PBXNativeTarget "OrigamiEngineMac" */;
			buildPhases = (
				9502C28916C591C00054F4E3 /* Sources */,
				9502C28A16C591C00054F4E3 /* Frameworks */,
				9502C28B16C591C00054F4E3 /* Headers */,
				9502C28C16C591C00054F4E3 /* Resources */,
			);
			buildRules = (
			);
			dependencies = (
			);
			name = OrigamiEngineMac;
			productName = OrigamiEngineMac;
			productReference = 9502C28E16C591C00054F4E3 /* OrigamiEngine.framework */;
			productType = "com.apple.product-type.framework";
		};
		959B580815CEE13C00D44955 /* OrigamiEngine */ = {
			isa = PBXNativeTarget;
			buildConfigurationList = 959B582E15CEE13C00D44955 /* Build configuration list for PBXNativeTarget "OrigamiEngine" */;
			buildPhases = (
				959B580515CEE13C00D44955 /* Sources */,
				959B580615CEE13C00D44955 /* Frameworks */,
				959B580715CEE13C00D44955 /* CopyFiles */,
			);
			buildRules = (
			);
			dependencies = (
			);
			name = OrigamiEngine;
			productName = OrigamiEngine;
			productReference = 959B580915CEE13C00D44955 /* libOrigamiEngine.a */;
			productType = "com.apple.product-type.library.static";
		};
		E21AD54622022C92001F7BC1 /* OrigamiEngineUnitTests */ = {
			isa = PBXNativeTarget;
			buildConfigurationList = E21AD54F22022C92001F7BC1 /* Build configuration list for PBXNativeTarget "OrigamiEngineUnitTests" */;
			buildPhases = (
				E21AD54322022C92001F7BC1 /* Sources */,
				E21AD54422022C92001F7BC1 /* Frameworks */,
				E21AD54522022C92001F7BC1 /* Resources */,
			);
			buildRules = (
			);
			dependencies = (
				E21AD54E22022C92001F7BC1 /* PBXTargetDependency */,
			);
			name = OrigamiEngineUnitTests;
			productName = OrigamiEngineUnitTests;
			productReference = E21AD54722022C92001F7BC1 /* OrigamiEngineUnitTests.xctest */;
			productType = "com.apple.product-type.bundle.unit-test";
		};
/* End PBXNativeTarget section */

/* Begin PBXProject section */
		959B580015CEE13C00D44955 /* Project object */ = {
			isa = PBXProject;
			attributes = {
				LastUpgradeCheck = 0820;
				TargetAttributes = {
					E21AD54622022C92001F7BC1 = {
						CreatedOnToolsVersion = 10.2;
					};
				};
			};
			buildConfigurationList = 959B580315CEE13C00D44955 /* Build configuration list for PBXProject "OrigamiEngine" */;
			compatibilityVersion = "Xcode 9.3";
			developmentRegion = English;
			hasScannedForEncodings = 0;
			knownRegions = (
				en,
			);
			mainGroup = 959B57FE15CEE13C00D44955;
			productRefGroup = 959B580A15CEE13C00D44955 /* Products */;
			projectDirPath = "";
			projectRoot = "";
			targets = (
				959B580815CEE13C00D44955 /* OrigamiEngine */,
				9502C28D16C591C00054F4E3 /* OrigamiEngineMac */,
				E21AD54622022C92001F7BC1 /* OrigamiEngineUnitTests */,
			);
		};
/* End PBXProject section */

/* Begin PBXResourcesBuildPhase section */
		9502C28C16C591C00054F4E3 /* Resources */ = {
			isa = PBXResourcesBuildPhase;
			buildActionMask = 2147483647;
			files = (
			);
			runOnlyForDeploymentPostprocessing = 0;
		};
		E21AD54522022C92001F7BC1 /* Resources */ = {
			isa = PBXResourcesBuildPhase;
			buildActionMask = 2147483647;
			files = (
				E21AD55922022DB2001F7BC1 /* multiple-vc.cue in Resources */,
				E21AD55A22022DB2001F7BC1 /* single_file.cue in Resources */,
				E21AD55D22022DB2001F7BC1 /* multiple-vc.flac in Resources */,
				E21AD55E22022DB2001F7BC1 /* multi_file.cue in Resources */,
				E21AD55B22022DB2001F7BC1 /* id3v22-tda.mp3 in Resources */,
				E21AD55C22022DB2001F7BC1 /* test.m3u in Resources */,
			);
			runOnlyForDeploymentPostprocessing = 0;
		};
/* End PBXResourcesBuildPhase section */

/* Begin PBXSourcesBuildPhase section */
		9502C28916C591C00054F4E3 /* Sources */ = {
			isa = PBXSourcesBuildPhase;
			buildActionMask = 2147483647;
			files = (
				9502C2A316C592000054F4E3 /* CoreAudioDecoder.m in Sources */,
				9502C2A516C592000054F4E3 /* CueSheet.m in Sources */,
				9502C2A716C592000054F4E3 /* CueSheetTrack.m in Sources */,
				9502C2A916C592000054F4E3 /* CueSheetContainer.m in Sources */,
				9502C2AB16C592000054F4E3 /* CueSheetDecoder.m in Sources */,
				9502C2AD16C592000054F4E3 /* FileSource.m in Sources */,
				9502C2B116C592000054F4E3 /* HTTPSource.m in Sources */,
				9502C2B316C592000054F4E3 /* M3uContainer.m in Sources */,
				9502C2B516C592000054F4E3 /* ORGMEngine.m in Sources */,
				9502C2B716C592000054F4E3 /* ORGMConverter.m in Sources */,
				9502C2B916C592000054F4E3 /* ORGMOutputUnit.m in Sources */,
				9502C2BB16C592000054F4E3 /* ORGMAudioUnit.m in Sources */,
				9502C2BD16C592000054F4E3 /* ORGMInputUnit.m in Sources */,
				9502C2BF16C592000054F4E3 /* ORGMQueues.m in Sources */,
				9502C2C216C592000054F4E3 /* ORGMPluginManager.m in Sources */,
			);
			runOnlyForDeploymentPostprocessing = 0;
		};
		959B580515CEE13C00D44955 /* Sources */ = {
			isa = PBXSourcesBuildPhase;
			buildActionMask = 2147483647;
			files = (
				95317ADE15D443430029D115 /* FileSource.m in Sources */,
				959B584015CEE17200D44955 /* ORGMConverter.m in Sources */,
				959B584215CEE17200D44955 /* ORGMEngine.m in Sources */,
				959B584415CEE17200D44955 /* ORGMOutputUnit.m in Sources */,
				959B584615CEE17200D44955 /* ORGMQueues.m in Sources */,
				959B584815CEE17200D44955 /* ORGMAudioUnit.m in Sources */,
				959B584A15CEE17200D44955 /* ORGMInputUnit.m in Sources */,
				95EE6A8315D2687B001AD694 /* CoreAudioDecoder.m in Sources */,
				95EE6A8215D26876001AD694 /* HTTPSource.m in Sources */,
				95317ADC15D43C7B0029D115 /* ORGMPluginManager.m in Sources */,
				95317AE915D445010029D115 /* CueSheet.m in Sources */,
				95317AEA15D445010029D115 /* CueSheetContainer.m in Sources */,
				95317AEB15D445010029D115 /* CueSheetDecoder.m in Sources */,
				95317AED15D445010029D115 /* CueSheetTrack.m in Sources */,
				95317BA315D552AC0029D115 /* M3uContainer.m in Sources */,
			);
			runOnlyForDeploymentPostprocessing = 0;
		};
		E21AD54322022C92001F7BC1 /* Sources */ = {
			isa = PBXSourcesBuildPhase;
			buildActionMask = 2147483647;
			files = (
				E21AD5682202377C001F7BC1 /* OutputUnitTests.m in Sources */,
				E21AD56422023372001F7BC1 /* M3UTests.m in Sources */,
				E21AD5652202344B001F7BC1 /* EngineTests.m in Sources */,
				E21AD5672202377C001F7BC1 /* ConverterUnitTests.m in Sources */,
				E21AD56D2202377C001F7BC1 /* HTTPSourceTests.m in Sources */,
				E21AD56B2202377C001F7BC1 /* CusSheetDecoderTests.m in Sources */,
				E21AD5692202377C001F7BC1 /* PluginManagerTests.m in Sources */,
				E21AD54A22022C92001F7BC1 /* OrigamiEngineUnitTests.m in Sources */,
				E21AD56A2202377C001F7BC1 /* CoreAudioDecoderTests.m in Sources */,
				E21AD56C2202377C001F7BC1 /* FileSourceTests.m in Sources */,
				E21AD5662202377C001F7BC1 /* InputUnitTests.m in Sources */,
				E21AD5632202314A001F7BC1 /* CueSheetTests.m in Sources */,
			);
			runOnlyForDeploymentPostprocessing = 0;
		};
/* End PBXSourcesBuildPhase section */

/* Begin PBXTargetDependency section */
		E21AD54E22022C92001F7BC1 /* PBXTargetDependency */ = {
			isa = PBXTargetDependency;
			target = 9502C28D16C591C00054F4E3 /* OrigamiEngineMac */;
			targetProxy = E21AD54D22022C92001F7BC1 /* PBXContainerItemProxy */;
		};
/* End PBXTargetDependency section */

/* Begin PBXVariantGroup section */
		959B582615CEE13C00D44955 /* InfoPlist.strings */ = {
			isa = PBXVariantGroup;
			children = (
				959B582715CEE13C00D44955 /* en */,
			);
			name = InfoPlist.strings;
			sourceTree = "<group>";
		};
/* End PBXVariantGroup section */

/* Begin XCBuildConfiguration section */
		9502C29F16C591C00054F4E3 /* Debug */ = {
			isa = XCBuildConfiguration;
			buildSettings = {
				CLANG_WARN_CONSTANT_CONVERSION = YES;
				CLANG_WARN_EMPTY_BODY = YES;
				CLANG_WARN_ENUM_CONVERSION = YES;
				CLANG_WARN_INT_CONVERSION = YES;
				COMBINE_HIDPI_IMAGES = YES;
				DYLIB_COMPATIBILITY_VERSION = 1;
				DYLIB_CURRENT_VERSION = 1;
				FRAMEWORK_SEARCH_PATHS = "$(inherited)";
				FRAMEWORK_VERSION = A;
				GCC_ENABLE_OBJC_EXCEPTIONS = YES;
				GCC_PRECOMPILE_PREFIX_HEADER = YES;
				GCC_PREFIX_HEADER = "OrigamiEngine/OrigamiEngine-Prefix.pch";
				ONLY_ACTIVE_ARCH = YES;
				OTHER_LDFLAGS = "-ObjC";
				PRODUCT_NAME = OrigamiEngine;
				SDKROOT = macosx;
				WRAPPER_EXTENSION = framework;
			};
			name = Debug;
		};
		9502C2A016C591C00054F4E3 /* Release */ = {
			isa = XCBuildConfiguration;
			buildSettings = {
				CLANG_WARN_CONSTANT_CONVERSION = YES;
				CLANG_WARN_EMPTY_BODY = YES;
				CLANG_WARN_ENUM_CONVERSION = YES;
				CLANG_WARN_INT_CONVERSION = YES;
				COMBINE_HIDPI_IMAGES = YES;
				DEBUG_INFORMATION_FORMAT = "dwarf-with-dsym";
				DYLIB_COMPATIBILITY_VERSION = 1;
				DYLIB_CURRENT_VERSION = 1;
				FRAMEWORK_SEARCH_PATHS = "$(inherited)";
				FRAMEWORK_VERSION = A;
				GCC_ENABLE_OBJC_EXCEPTIONS = YES;
				GCC_PRECOMPILE_PREFIX_HEADER = YES;
				GCC_PREFIX_HEADER = "OrigamiEngine/OrigamiEngine-Prefix.pch";
				OTHER_LDFLAGS = "-ObjC";
				PRODUCT_NAME = OrigamiEngine;
				SDKROOT = macosx;
				WRAPPER_EXTENSION = framework;
			};
			name = Release;
		};
		959B582C15CEE13C00D44955 /* Debug */ = {
			isa = XCBuildConfiguration;
			buildSettings = {
				ALWAYS_SEARCH_USER_PATHS = NO;
				CLANG_ENABLE_MODULES = YES;
				CLANG_ENABLE_OBJC_ARC = YES;
				CLANG_WARN_BOOL_CONVERSION = YES;
				CLANG_WARN_CONSTANT_CONVERSION = YES;
				CLANG_WARN_EMPTY_BODY = YES;
				CLANG_WARN_ENUM_CONVERSION = YES;
				CLANG_WARN_INFINITE_RECURSION = YES;
				CLANG_WARN_INT_CONVERSION = YES;
				CLANG_WARN_SUSPICIOUS_MOVE = YES;
				CLANG_WARN_UNREACHABLE_CODE = YES;
				CLANG_WARN__DUPLICATE_METHOD_MATCH = YES;
				COPY_PHASE_STRIP = NO;
				ENABLE_STRICT_OBJC_MSGSEND = YES;
				ENABLE_TESTABILITY = YES;
				GCC_C_LANGUAGE_STANDARD = "compiler-default";
				GCC_DYNAMIC_NO_PIC = NO;
				GCC_NO_COMMON_BLOCKS = YES;
				GCC_OPTIMIZATION_LEVEL = 0;
				GCC_PREPROCESSOR_DEFINITIONS = (
					"DEBUG=1",
					"$(inherited)",
				);
				GCC_SYMBOLS_PRIVATE_EXTERN = NO;
				GCC_VERSION = com.apple.compilers.llvm.clang.1_0;
				GCC_WARN_64_TO_32_BIT_CONVERSION = YES;
				GCC_WARN_ABOUT_RETURN_TYPE = YES;
				GCC_WARN_UNDECLARED_SELECTOR = YES;
				GCC_WARN_UNINITIALIZED_AUTOS = YES;
				GCC_WARN_UNUSED_FUNCTION = YES;
				GCC_WARN_UNUSED_VARIABLE = YES;
				IPHONEOS_DEPLOYMENT_TARGET = 10.0;
				MACOSX_DEPLOYMENT_TARGET = 10.12;
				ONLY_ACTIVE_ARCH = YES;
				SDKROOT = iphoneos;
			};
			name = Debug;
		};
		959B582D15CEE13C00D44955 /* Release */ = {
			isa = XCBuildConfiguration;
			buildSettings = {
				ALWAYS_SEARCH_USER_PATHS = NO;
				CLANG_ENABLE_MODULES = YES;
				CLANG_ENABLE_OBJC_ARC = YES;
				CLANG_WARN_BOOL_CONVERSION = YES;
				CLANG_WARN_CONSTANT_CONVERSION = YES;
				CLANG_WARN_EMPTY_BODY = YES;
				CLANG_WARN_ENUM_CONVERSION = YES;
				CLANG_WARN_INFINITE_RECURSION = YES;
				CLANG_WARN_INT_CONVERSION = YES;
				CLANG_WARN_SUSPICIOUS_MOVE = YES;
				CLANG_WARN_UNREACHABLE_CODE = YES;
				CLANG_WARN__DUPLICATE_METHOD_MATCH = YES;
				COPY_PHASE_STRIP = YES;
				ENABLE_STRICT_OBJC_MSGSEND = YES;
				GCC_C_LANGUAGE_STANDARD = "compiler-default";
				GCC_NO_COMMON_BLOCKS = YES;
				GCC_VERSION = com.apple.compilers.llvm.clang.1_0;
				GCC_WARN_64_TO_32_BIT_CONVERSION = YES;
				GCC_WARN_ABOUT_RETURN_TYPE = YES;
				GCC_WARN_UNDECLARED_SELECTOR = YES;
				GCC_WARN_UNINITIALIZED_AUTOS = YES;
				GCC_WARN_UNUSED_FUNCTION = YES;
				GCC_WARN_UNUSED_VARIABLE = YES;
				IPHONEOS_DEPLOYMENT_TARGET = 10.0;
				MACOSX_DEPLOYMENT_TARGET = 10.12;
				SDKROOT = iphoneos;
				VALIDATE_PRODUCT = YES;
			};
			name = Release;
		};
		959B582F15CEE13C00D44955 /* Debug */ = {
			isa = XCBuildConfiguration;
			buildSettings = {
				DSTROOT = /tmp/OrigamiEngine.dst;
				FRAMEWORK_SEARCH_PATHS = "$(inherited)";
				GCC_PRECOMPILE_PREFIX_HEADER = YES;
				GCC_PREFIX_HEADER = "OrigamiEngine/OrigamiEngine-Prefix.pch";
				HEADER_SEARCH_PATHS = (
					"$(inherited)",
					/Applications/Xcode.app/Contents/Developer/Toolchains/XcodeDefault.xctoolchain/usr/include,
				);
				OTHER_LDFLAGS = "-ObjC";
				PRODUCT_NAME = "$(TARGET_NAME)";
				SKIP_INSTALL = YES;
			};
			name = Debug;
		};
		959B583015CEE13C00D44955 /* Release */ = {
			isa = XCBuildConfiguration;
			buildSettings = {
				DSTROOT = /tmp/OrigamiEngine.dst;
				FRAMEWORK_SEARCH_PATHS = "$(inherited)";
				GCC_PRECOMPILE_PREFIX_HEADER = YES;
				GCC_PREFIX_HEADER = "OrigamiEngine/OrigamiEngine-Prefix.pch";
				HEADER_SEARCH_PATHS = (
					"$(inherited)",
					/Applications/Xcode.app/Contents/Developer/Toolchains/XcodeDefault.xctoolchain/usr/include,
				);
				OTHER_LDFLAGS = "-ObjC";
				PRODUCT_NAME = "$(TARGET_NAME)";
				SKIP_INSTALL = YES;
			};
			name = Release;
		};
		E21AD55022022C92001F7BC1 /* Debug */ = {
			isa = XCBuildConfiguration;
			buildSettings = {
				CLANG_ANALYZER_NONNULL = YES;
				CLANG_ANALYZER_NUMBER_OBJECT_CONVERSION = YES_AGGRESSIVE;
				CLANG_CXX_LANGUAGE_STANDARD = "gnu++14";
				CLANG_CXX_LIBRARY = "libc++";
				CLANG_ENABLE_OBJC_WEAK = YES;
				CLANG_WARN_BLOCK_CAPTURE_AUTORELEASING = YES;
				CLANG_WARN_COMMA = YES;
				CLANG_WARN_DEPRECATED_OBJC_IMPLEMENTATIONS = YES;
				CLANG_WARN_DIRECT_OBJC_ISA_USAGE = YES_ERROR;
				CLANG_WARN_DOCUMENTATION_COMMENTS = YES;
				CLANG_WARN_NON_LITERAL_NULL_CONVERSION = YES;
				CLANG_WARN_OBJC_IMPLICIT_RETAIN_SELF = YES;
				CLANG_WARN_OBJC_LITERAL_CONVERSION = YES;
				CLANG_WARN_OBJC_ROOT_CLASS = YES_ERROR;
				CLANG_WARN_RANGE_LOOP_ANALYSIS = YES;
				CLANG_WARN_STRICT_PROTOTYPES = YES;
				CLANG_WARN_UNGUARDED_AVAILABILITY = YES_AGGRESSIVE;
				CODE_SIGN_IDENTITY = "Mac Developer";
				CODE_SIGN_STYLE = Automatic;
				COMBINE_HIDPI_IMAGES = YES;
				DEBUG_INFORMATION_FORMAT = dwarf;
				DEVELOPMENT_TEAM = T8F2X3K4US;
				GCC_C_LANGUAGE_STANDARD = gnu11;
				GCC_WARN_ABOUT_RETURN_TYPE = YES_ERROR;
				GCC_WARN_UNINITIALIZED_AUTOS = YES_AGGRESSIVE;
				INFOPLIST_FILE = OrigamiEngineUnitTests/Info.plist;
				LD_RUNPATH_SEARCH_PATHS = (
					"$(inherited)",
					"@executable_path/../Frameworks",
					"@loader_path/../Frameworks",
				);
				MACOSX_DEPLOYMENT_TARGET = 10.14;
				MTL_ENABLE_DEBUG_INFO = INCLUDE_SOURCE;
				MTL_FAST_MATH = YES;
				PRODUCT_BUNDLE_IDENTIFIER = com.woolsoft.OrigamiEngineUnitTests;
				PRODUCT_NAME = "$(TARGET_NAME)";
				SDKROOT = macosx;
			};
			name = Debug;
		};
		E21AD55122022C92001F7BC1 /* Release */ = {
			isa = XCBuildConfiguration;
			buildSettings = {
				CLANG_ANALYZER_NONNULL = YES;
				CLANG_ANALYZER_NUMBER_OBJECT_CONVERSION = YES_AGGRESSIVE;
				CLANG_CXX_LANGUAGE_STANDARD = "gnu++14";
				CLANG_CXX_LIBRARY = "libc++";
				CLANG_ENABLE_OBJC_WEAK = YES;
				CLANG_WARN_BLOCK_CAPTURE_AUTORELEASING = YES;
				CLANG_WARN_COMMA = YES;
				CLANG_WARN_DEPRECATED_OBJC_IMPLEMENTATIONS = YES;
				CLANG_WARN_DIRECT_OBJC_ISA_USAGE = YES_ERROR;
				CLANG_WARN_DOCUMENTATION_COMMENTS = YES;
				CLANG_WARN_NON_LITERAL_NULL_CONVERSION = YES;
				CLANG_WARN_OBJC_IMPLICIT_RETAIN_SELF = YES;
				CLANG_WARN_OBJC_LITERAL_CONVERSION = YES;
				CLANG_WARN_OBJC_ROOT_CLASS = YES_ERROR;
				CLANG_WARN_RANGE_LOOP_ANALYSIS = YES;
				CLANG_WARN_STRICT_PROTOTYPES = YES;
				CLANG_WARN_UNGUARDED_AVAILABILITY = YES_AGGRESSIVE;
				CODE_SIGN_IDENTITY = "Mac Developer";
				CODE_SIGN_STYLE = Automatic;
				COMBINE_HIDPI_IMAGES = YES;
				COPY_PHASE_STRIP = NO;
				DEBUG_INFORMATION_FORMAT = "dwarf-with-dsym";
				DEVELOPMENT_TEAM = T8F2X3K4US;
				ENABLE_NS_ASSERTIONS = NO;
				GCC_C_LANGUAGE_STANDARD = gnu11;
				GCC_WARN_ABOUT_RETURN_TYPE = YES_ERROR;
				GCC_WARN_UNINITIALIZED_AUTOS = YES_AGGRESSIVE;
				INFOPLIST_FILE = OrigamiEngineUnitTests/Info.plist;
				LD_RUNPATH_SEARCH_PATHS = (
					"$(inherited)",
					"@executable_path/../Frameworks",
					"@loader_path/../Frameworks",
				);
				MACOSX_DEPLOYMENT_TARGET = 10.14;
				MTL_ENABLE_DEBUG_INFO = NO;
				MTL_FAST_MATH = YES;
				PRODUCT_BUNDLE_IDENTIFIER = com.woolsoft.OrigamiEngineUnitTests;
				PRODUCT_NAME = "$(TARGET_NAME)";
				SDKROOT = macosx;
			};
			name = Release;
		};
/* End XCBuildConfiguration section */

/* Begin XCConfigurationList section */
		9502C2A116C591C00054F4E3 /* Build configuration list for PBXNativeTarget "OrigamiEngineMac" */ = {
			isa = XCConfigurationList;
			buildConfigurations = (
				9502C29F16C591C00054F4E3 /* Debug */,
				9502C2A016C591C00054F4E3 /* Release */,
			);
			defaultConfigurationIsVisible = 0;
			defaultConfigurationName = Release;
		};
		959B580315CEE13C00D44955 /* Build configuration list for PBXProject "OrigamiEngine" */ = {
			isa = XCConfigurationList;
			buildConfigurations = (
				959B582C15CEE13C00D44955 /* Debug */,
				959B582D15CEE13C00D44955 /* Release */,
			);
			defaultConfigurationIsVisible = 0;
			defaultConfigurationName = Release;
		};
		959B582E15CEE13C00D44955 /* Build configuration list for PBXNativeTarget "OrigamiEngine" */ = {
			isa = XCConfigurationList;
			buildConfigurations = (
				959B582F15CEE13C00D44955 /* Debug */,
				959B583015CEE13C00D44955 /* Release */,
			);
			defaultConfigurationIsVisible = 0;
			defaultConfigurationName = Release;
		};
		E21AD54F22022C92001F7BC1 /* Build configuration list for PBXNativeTarget "OrigamiEngineUnitTests" */ = {
			isa = XCConfigurationList;
			buildConfigurations = (
				E21AD55022022C92001F7BC1 /* Debug */,
				E21AD55122022C92001F7BC1 /* Release */,
			);
			defaultConfigurationIsVisible = 0;
			defaultConfigurationName = Release;
		};
/* End XCConfigurationList section */
	};
	rootObject = 959B580015CEE13C00D44955 /* Project object */;
}
